
Microsoft Visual Studio Solution File, Format Version 12.00
# Visual Studio Version 17
VisualStudioVersion = 17.4.33213.308
MinimumVisualStudioVersion = 10.0.40219.1
Project("{FAE04EC0-301F-11D3-BF4B-00C04F79EFBC}") = "PL", "PL\PL.csproj", "{EE35FD01-BF23-4949-AA37-DF704656287F}"
EndProject
Project("{FAE04EC0-301F-11D3-BF4B-00C04F79EFBC}") = "ML", "ML\ML.csproj", "{7AC4CBED-5BD1-4BAB-86BB-741CD1F4BF4D}"
EndProject
Project("{FAE04EC0-301F-11D3-BF4B-00C04F79EFBC}") = "DL", "DL\DL.csproj", "{33F22AAC-2631-4910-AE55-F402D2C0810D}"
EndProject
Project("{FAE04EC0-301F-11D3-BF4B-00C04F79EFBC}") = "BL", "BL\BL.csproj", "{031F412D-BBB7-4127-BC19-BBE016349CFC}"
EndProject
Project("{FAE04EC0-301F-11D3-BF4B-00C04F79EFBC}") = "SL", "SL\SL.csproj", "{1DC0A721-742A-4F1A-A9BF-C80FEB72866B}"
EndProject
Global
	GlobalSection(SolutionConfigurationPlatforms) = preSolution
		Debug|Any CPU = Debug|Any CPU
		Release|Any CPU = Release|Any CPU
	EndGlobalSection
	GlobalSection(ProjectConfigurationPlatforms) = postSolution
		{EE35FD01-BF23-4949-AA37-DF704656287F}.Debug|Any CPU.ActiveCfg = Debug|Any CPU
		{EE35FD01-BF23-4949-AA37-DF704656287F}.Debug|Any CPU.Build.0 = Debug|Any CPU
		{EE35FD01-BF23-4949-AA37-DF704656287F}.Release|Any CPU.ActiveCfg = Release|Any CPU
		{EE35FD01-BF23-4949-AA37-DF704656287F}.Release|Any CPU.Build.0 = Release|Any CPU
		{7AC4CBED-5BD1-4BAB-86BB-741CD1F4BF4D}.Debug|Any CPU.ActiveCfg = Debug|Any CPU
		{7AC4CBED-5BD1-4BAB-86BB-741CD1F4BF4D}.Debug|Any CPU.Build.0 = Debug|Any CPU
		{7AC4CBED-5BD1-4BAB-86BB-741CD1F4BF4D}.Release|Any CPU.ActiveCfg = Release|Any CPU
		{7AC4CBED-5BD1-4BAB-86BB-741CD1F4BF4D}.Release|Any CPU.Build.0 = Release|Any CPU
		{33F22AAC-2631-4910-AE55-F402D2C0810D}.Debug|Any CPU.ActiveCfg = Debug|Any CPU
		{33F22AAC-2631-4910-AE55-F402D2C0810D}.Debug|Any CPU.Build.0 = Debug|Any CPU
		{33F22AAC-2631-4910-AE55-F402D2C0810D}.Release|Any CPU.ActiveCfg = Release|Any CPU
		{33F22AAC-2631-4910-AE55-F402D2C0810D}.Release|Any CPU.Build.0 = Release|Any CPU
		{031F412D-BBB7-4127-BC19-BBE016349CFC}.Debug|Any CPU.ActiveCfg = Debug|Any CPU
		{031F412D-BBB7-4127-BC19-BBE016349CFC}.Debug|Any CPU.Build.0 = Debug|Any CPU
		{031F412D-BBB7-4127-BC19-BBE016349CFC}.Release|Any CPU.ActiveCfg = Release|Any CPU
		{031F412D-BBB7-4127-BC19-BBE016349CFC}.Release|Any CPU.Build.0 = Release|Any CPU
		{1DC0A721-742A-4F1A-A9BF-C80FEB72866B}.Debug|Any CPU.ActiveCfg = Debug|Any CPU
		{1DC0A721-742A-4F1A-A9BF-C80FEB72866B}.Debug|Any CPU.Build.0 = Debug|Any CPU
		{1DC0A721-742A-4F1A-A9BF-C80FEB72866B}.Release|Any CPU.ActiveCfg = Release|Any CPU
		{1DC0A721-742A-4F1A-A9BF-C80FEB72866B}.Release|Any CPU.Build.0 = Release|Any CPU
	EndGlobalSection
	GlobalSection(SolutionProperties) = preSolution
		HideSolutionNode = FALSE
	EndGlobalSection
	GlobalSection(ExtensibilityGlobals) = postSolution
		SolutionGuid = {78E4A14A-B13E-484C-ACA0-FA401FEED86A}
	EndGlobalSection
EndGlobal
